
Microsoft Visual Studio Solution File, Format Version 12.00
# Visual Studio Version 17
VisualStudioVersion = 17.11.35222.181
MinimumVisualStudioVersion = 10.0.40219.1
Project("{9A19103F-16F7-4668-BE54-9A1E7A4F7556}") = "AppMediaMusic", "AppMediaMusic\AppMediaMusic.csproj", "{BC689419-E005-4198-94BB-C9984E5BFC3B}"
EndProject
Project("{FAE04EC0-301F-11D3-BF4B-00C04F79EFBC}") = "AppMediaMusic.DAL", "AppMediaMusic.DAL\AppMediaMusic.DAL.csproj", "{9318B54B-F051-42B2-9FA5-7692BA7B37DC}"
EndProject
Project("{FAE04EC0-301F-11D3-BF4B-00C04F79EFBC}") = "AppMediaMusic.BLL", "AppMediaMusic.BLL\AppMediaMusic.BLL.csproj", "{69916DA6-FA81-4892-A2D6-EF9236019FAD}"
EndProject
Global
	GlobalSection(SolutionConfigurationPlatforms) = preSolution
		Debug|Any CPU = Debug|Any CPU
		Release|Any CPU = Release|Any CPU
	EndGlobalSection
	GlobalSection(ProjectConfigurationPlatforms) = postSolution
		{BC689419-E005-4198-94BB-C9984E5BFC3B}.Debug|Any CPU.ActiveCfg = Debug|Any CPU
		{BC689419-E005-4198-94BB-C9984E5BFC3B}.Debug|Any CPU.Build.0 = Debug|Any CPU
		{BC689419-E005-4198-94BB-C9984E5BFC3B}.Release|Any CPU.ActiveCfg = Release|Any CPU
		{BC689419-E005-4198-94BB-C9984E5BFC3B}.Release|Any CPU.Build.0 = Release|Any CPU
		{9318B54B-F051-42B2-9FA5-7692BA7B37DC}.Debug|Any CPU.ActiveCfg = Debug|Any CPU
		{9318B54B-F051-42B2-9FA5-7692BA7B37DC}.Debug|Any CPU.Build.0 = Debug|Any CPU
		{9318B54B-F051-42B2-9FA5-7692BA7B37DC}.Release|Any CPU.ActiveCfg = Release|Any CPU
		{9318B54B-F051-42B2-9FA5-7692BA7B37DC}.Release|Any CPU.Build.0 = Release|Any CPU
		{69916DA6-FA81-4892-A2D6-EF9236019FAD}.Debug|Any CPU.ActiveCfg = Debug|Any CPU
		{69916DA6-FA81-4892-A2D6-EF9236019FAD}.Debug|Any CPU.Build.0 = Debug|Any CPU
		{69916DA6-FA81-4892-A2D6-EF9236019FAD}.Release|Any CPU.ActiveCfg = Release|Any CPU
		{69916DA6-FA81-4892-A2D6-EF9236019FAD}.Release|Any CPU.Build.0 = Release|Any CPU
	EndGlobalSection
	GlobalSection(SolutionProperties) = preSolution
		HideSolutionNode = FALSE
	EndGlobalSection
	GlobalSection(ExtensibilityGlobals) = postSolution
		SolutionGuid = {9539D94B-9F14-4876-A133-4CDEF3CFA815}
	EndGlobalSection
EndGlobal
